// !$*UTF8*$!
{
	archiveVersion = 1;
	classes = {
	};
	objectVersion = 50;
	objects = {

/* Begin PBXBuildFile section */
		1844998F24BF9A5E00BA6E56 /* AppDelegate.swift in Sources */ = {isa = PBXBuildFile; fileRef = 1844998E24BF9A5E00BA6E56 /* AppDelegate.swift */; };
		1844999124BF9A5E00BA6E56 /* SceneDelegate.swift in Sources */ = {isa = PBXBuildFile; fileRef = 1844999024BF9A5E00BA6E56 /* SceneDelegate.swift */; };
		1844999324BF9A5E00BA6E56 /* ViewController.swift in Sources */ = {isa = PBXBuildFile; fileRef = 1844999224BF9A5E00BA6E56 /* ViewController.swift */; };
		1844999624BF9A5E00BA6E56 /* Main.storyboard in Resources */ = {isa = PBXBuildFile; fileRef = 1844999424BF9A5E00BA6E56 /* Main.storyboard */; };
		1844999924BF9A5E00BA6E56 /* GSO.xcdatamodeld in Sources */ = {isa = PBXBuildFile; fileRef = 1844999724BF9A5E00BA6E56 /* GSO.xcdatamodeld */; };
		1844999B24BF9A6400BA6E56 /* Assets.xcassets in Resources */ = {isa = PBXBuildFile; fileRef = 1844999A24BF9A6400BA6E56 /* Assets.xcassets */; };
		1844999E24BF9A6400BA6E56 /* LaunchScreen.storyboard in Resources */ = {isa = PBXBuildFile; fileRef = 1844999C24BF9A6400BA6E56 /* LaunchScreen.storyboard */; };
		184499A924BF9A6500BA6E56 /* GSOTests.swift in Sources */ = {isa = PBXBuildFile; fileRef = 184499A824BF9A6500BA6E56 /* GSOTests.swift */; };
		184499B424BF9A6500BA6E56 /* GSOUITests.swift in Sources */ = {isa = PBXBuildFile; fileRef = 184499B324BF9A6500BA6E56 /* GSOUITests.swift */; };
/* End PBXBuildFile section */

/* Begin PBXContainerItemProxy section */
		184499A524BF9A6500BA6E56 /* PBXContainerItemProxy */ = {
			isa = PBXContainerItemProxy;
			containerPortal = 1844998324BF9A5D00BA6E56 /* Project object */;
			proxyType = 1;
			remoteGlobalIDString = 1844998A24BF9A5D00BA6E56;
			remoteInfo = GSO;
		};
		184499B024BF9A6500BA6E56 /* PBXContainerItemProxy */ = {
			isa = PBXContainerItemProxy;
			containerPortal = 1844998324BF9A5D00BA6E56 /* Project object */;
			proxyType = 1;
			remoteGlobalIDString = 1844998A24BF9A5D00BA6E56;
			remoteInfo = GSO;
		};
/* End PBXContainerItemProxy section */

/* Begin PBXFileReference section */
		1844998B24BF9A5E00BA6E56 /* GSO.app */ = {isa = PBXFileReference; explicitFileType = wrapper.application; includeInIndex = 0; path = GSO.app; sourceTree = BUILT_PRODUCTS_DIR; };
		1844998E24BF9A5E00BA6E56 /* AppDelegate.swift */ = {isa = PBXFileReference; lastKnownFileType = sourcecode.swift; path = AppDelegate.swift; sourceTree = "<group>"; };
		1844999024BF9A5E00BA6E56 /* SceneDelegate.swift */ = {isa = PBXFileReference; lastKnownFileType = sourcecode.swift; path = SceneDelegate.swift; sourceTree = "<group>"; };
		1844999224BF9A5E00BA6E56 /* ViewController.swift */ = {isa = PBXFileReference; lastKnownFileType = sourcecode.swift; path = ViewController.swift; sourceTree = "<group>"; };
		1844999524BF9A5E00BA6E56 /* Base */ = {isa = PBXFileReference; lastKnownFileType = file.storyboard; name = Base; path = Base.lproj/Main.storyboard; sourceTree = "<group>"; };
		1844999824BF9A5E00BA6E56 /* GSO.xcdatamodel */ = {isa = PBXFileReference; lastKnownFileType = wrapper.xcdatamodel; path = GSO.xcdatamodel; sourceTree = "<group>"; };
		1844999A24BF9A6400BA6E56 /* Assets.xcassets */ = {isa = PBXFileReference; lastKnownFileType = folder.assetcatalog; path = Assets.xcassets; sourceTree = "<group>"; };
		1844999D24BF9A6400BA6E56 /* Base */ = {isa = PBXFileReference; lastKnownFileType = file.storyboard; name = Base; path = Base.lproj/LaunchScreen.storyboard; sourceTree = "<group>"; };
		1844999F24BF9A6400BA6E56 /* Info.plist */ = {isa = PBXFileReference; lastKnownFileType = text.plist.xml; path = Info.plist; sourceTree = "<group>"; };
		184499A424BF9A6500BA6E56 /* GSOTests.xctest */ = {isa = PBXFileReference; explicitFileType = wrapper.cfbundle; includeInIndex = 0; path = GSOTests.xctest; sourceTree = BUILT_PRODUCTS_DIR; };
		184499A824BF9A6500BA6E56 /* GSOTests.swift */ = {isa = PBXFileReference; lastKnownFileType = sourcecode.swift; path = GSOTests.swift; sourceTree = "<group>"; };
		184499AA24BF9A6500BA6E56 /* Info.plist */ = {isa = PBXFileReference; lastKnownFileType = text.plist.xml; path = Info.plist; sourceTree = "<group>"; };
		184499AF24BF9A6500BA6E56 /* GSOUITests.xctest */ = {isa = PBXFileReference; explicitFileType = wrapper.cfbundle; includeInIndex = 0; path = GSOUITests.xctest; sourceTree = BUILT_PRODUCTS_DIR; };
		184499B324BF9A6500BA6E56 /* GSOUITests.swift */ = {isa = PBXFileReference; lastKnownFileType = sourcecode.swift; path = GSOUITests.swift; sourceTree = "<group>"; };
		184499B524BF9A6500BA6E56 /* Info.plist */ = {isa = PBXFileReference; lastKnownFileType = text.plist.xml; path = Info.plist; sourceTree = "<group>"; };
/* End PBXFileReference section */

/* Begin PBXFrameworksBuildPhase section */
		1844998824BF9A5D00BA6E56 /* Frameworks */ = {
			isa = PBXFrameworksBuildPhase;
			buildActionMask = 2147483647;
			files = (
			);
			runOnlyForDeploymentPostprocessing = 0;
		};
		184499A124BF9A6400BA6E56 /* Frameworks */ = {
			isa = PBXFrameworksBuildPhase;
			buildActionMask = 2147483647;
			files = (
			);
			runOnlyForDeploymentPostprocessing = 0;
		};
		184499AC24BF9A6500BA6E56 /* Frameworks */ = {
			isa = PBXFrameworksBuildPhase;
			buildActionMask = 2147483647;
			files = (
			);
			runOnlyForDeploymentPostprocessing = 0;
		};
/* End PBXFrameworksBuildPhase section */

/* Begin PBXGroup section */
		1844998224BF9A5D00BA6E56 = {
			isa = PBXGroup;
			children = (
				1844998D24BF9A5E00BA6E56 /* GSO */,
				184499A724BF9A6500BA6E56 /* GSOTests */,
				184499B224BF9A6500BA6E56 /* GSOUITests */,
				1844998C24BF9A5E00BA6E56 /* Products */,
			);
			sourceTree = "<group>";
		};
		1844998C24BF9A5E00BA6E56 /* Products */ = {
			isa = PBXGroup;
			children = (
				1844998B24BF9A5E00BA6E56 /* GSO.app */,
				184499A424BF9A6500BA6E56 /* GSOTests.xctest */,
				184499AF24BF9A6500BA6E56 /* GSOUITests.xctest */,
			);
			name = Products;
			sourceTree = "<group>";
		};
		1844998D24BF9A5E00BA6E56 /* GSO */ = {
			isa = PBXGroup;
			children = (
				1844998E24BF9A5E00BA6E56 /* AppDelegate.swift */,
				1844999024BF9A5E00BA6E56 /* SceneDelegate.swift */,
				1844999224BF9A5E00BA6E56 /* ViewController.swift */,
				1844999424BF9A5E00BA6E56 /* Main.storyboard */,
				1844999A24BF9A6400BA6E56 /* Assets.xcassets */,
				1844999C24BF9A6400BA6E56 /* LaunchScreen.storyboard */,
				1844999F24BF9A6400BA6E56 /* Info.plist */,
				1844999724BF9A5E00BA6E56 /* GSO.xcdatamodeld */,
			);
			path = GSO;
			sourceTree = "<group>";
		};
		184499A724BF9A6500BA6E56 /* GSOTests */ = {
			isa = PBXGroup;
			children = (
				184499A824BF9A6500BA6E56 /* GSOTests.swift */,
				184499AA24BF9A6500BA6E56 /* Info.plist */,
			);
			path = GSOTests;
			sourceTree = "<group>";
		};
		184499B224BF9A6500BA6E56 /* GSOUITests */ = {
			isa = PBXGroup;
			children = (
				184499B324BF9A6500BA6E56 /* GSOUITests.swift */,
				184499B524BF9A6500BA6E56 /* Info.plist */,
			);
			path = GSOUITests;
			sourceTree = "<group>";
		};
/* End PBXGroup section */

/* Begin PBXNativeTarget section */
		1844998A24BF9A5D00BA6E56 /* GSO */ = {
			isa = PBXNativeTarget;
			buildConfigurationList = 184499B824BF9A6500BA6E56 /* Build configuration list for PBXNativeTarget "GSO" */;
			buildPhases = (
				1844998724BF9A5D00BA6E56 /* Sources */,
				1844998824BF9A5D00BA6E56 /* Frameworks */,
				1844998924BF9A5D00BA6E56 /* Resources */,
			);
			buildRules = (
			);
			dependencies = (
			);
			name = GSO;
			productName = GSO;
			productReference = 1844998B24BF9A5E00BA6E56 /* GSO.app */;
			productType = "com.apple.product-type.application";
		};
		184499A324BF9A6400BA6E56 /* GSOTests */ = {
			isa = PBXNativeTarget;
			buildConfigurationList = 184499BB24BF9A6500BA6E56 /* Build configuration list for PBXNativeTarget "GSOTests" */;
			buildPhases = (
				184499A024BF9A6400BA6E56 /* Sources */,
				184499A124BF9A6400BA6E56 /* Frameworks */,
				184499A224BF9A6400BA6E56 /* Resources */,
			);
			buildRules = (
			);
			dependencies = (
				184499A624BF9A6500BA6E56 /* PBXTargetDependency */,
			);
			name = GSOTests;
			productName = GSOTests;
			productReference = 184499A424BF9A6500BA6E56 /* GSOTests.xctest */;
			productType = "com.apple.product-type.bundle.unit-test";
		};
		184499AE24BF9A6500BA6E56 /* GSOUITests */ = {
			isa = PBXNativeTarget;
			buildConfigurationList = 184499BE24BF9A6500BA6E56 /* Build configuration list for PBXNativeTarget "GSOUITests" */;
			buildPhases = (
				184499AB24BF9A6500BA6E56 /* Sources */,
				184499AC24BF9A6500BA6E56 /* Frameworks */,
				184499AD24BF9A6500BA6E56 /* Resources */,
			);
			buildRules = (
			);
			dependencies = (
				184499B124BF9A6500BA6E56 /* PBXTargetDependency */,
			);
			name = GSOUITests;
			productName = GSOUITests;
			productReference = 184499AF24BF9A6500BA6E56 /* GSOUITests.xctest */;
			productType = "com.apple.product-type.bundle.ui-testing";
		};
/* End PBXNativeTarget section */

/* Begin PBXProject section */
		1844998324BF9A5D00BA6E56 /* Project object */ = {
			isa = PBXProject;
			attributes = {
				LastSwiftUpdateCheck = 1150;
				LastUpgradeCheck = 1150;
				ORGANIZATIONNAME = Apple;
				TargetAttributes = {
					1844998A24BF9A5D00BA6E56 = {
						CreatedOnToolsVersion = 11.5;
					};
					184499A324BF9A6400BA6E56 = {
						CreatedOnToolsVersion = 11.5;
						TestTargetID = 1844998A24BF9A5D00BA6E56;
					};
					184499AE24BF9A6500BA6E56 = {
						CreatedOnToolsVersion = 11.5;
						TestTargetID = 1844998A24BF9A5D00BA6E56;
					};
				};
			};
			buildConfigurationList = 1844998624BF9A5D00BA6E56 /* Build configuration list for PBXProject "GSO" */;
			compatibilityVersion = "Xcode 9.3";
			developmentRegion = en;
			hasScannedForEncodings = 0;
			knownRegions = (
				en,
				Base,
			);
			mainGroup = 1844998224BF9A5D00BA6E56;
			productRefGroup = 1844998C24BF9A5E00BA6E56 /* Products */;
			projectDirPath = "";
			projectRoot = "";
			targets = (
				1844998A24BF9A5D00BA6E56 /* GSO */,
				184499A324BF9A6400BA6E56 /* GSOTests */,
				184499AE24BF9A6500BA6E56 /* GSOUITests */,
			);
		};
/* End PBXProject section */

/* Begin PBXResourcesBuildPhase section */
		1844998924BF9A5D00BA6E56 /* Resources */ = {
			isa = PBXResourcesBuildPhase;
			buildActionMask = 2147483647;
			files = (
				1844999E24BF9A6400BA6E56 /* LaunchScreen.storyboard in Resources */,
				1844999B24BF9A6400BA6E56 /* Assets.xcassets in Resources */,
				1844999624BF9A5E00BA6E56 /* Main.storyboard in Resources */,
			);
			runOnlyForDeploymentPostprocessing = 0;
		};
		184499A224BF9A6400BA6E56 /* Resources */ = {
			isa = PBXResourcesBuildPhase;
			buildActionMask = 2147483647;
			files = (
			);
			runOnlyForDeploymentPostprocessing = 0;
		};
		184499AD24BF9A6500BA6E56 /* Resources */ = {
			isa = PBXResourcesBuildPhase;
			buildActionMask = 2147483647;
			files = (
			);
			runOnlyForDeploymentPostprocessing = 0;
		};
/* End PBXResourcesBuildPhase section */

/* Begin PBXSourcesBuildPhase section */
		1844998724BF9A5D00BA6E56 /* Sources */ = {
			isa = PBXSourcesBuildPhase;
			buildActionMask = 2147483647;
			files = (
				1844999324BF9A5E00BA6E56 /* ViewController.swift in Sources */,
				1844999924BF9A5E00BA6E56 /* GSO.xcdatamodeld in Sources */,
				1844998F24BF9A5E00BA6E56 /* AppDelegate.swift in Sources */,
				1844999124BF9A5E00BA6E56 /* SceneDelegate.swift in Sources */,
			);
			runOnlyForDeploymentPostprocessing = 0;
		};
		184499A024BF9A6400BA6E56 /* Sources */ = {
			isa = PBXSourcesBuildPhase;
			buildActionMask = 2147483647;
			files = (
				184499A924BF9A6500BA6E56 /* GSOTests.swift in Sources */,
			);
			runOnlyForDeploymentPostprocessing = 0;
		};
		184499AB24BF9A6500BA6E56 /* Sources */ = {
			isa = PBXSourcesBuildPhase;
			buildActionMask = 2147483647;
			files = (
				184499B424BF9A6500BA6E56 /* GSOUITests.swift in Sources */,
			);
			runOnlyForDeploymentPostprocessing = 0;
		};
/* End PBXSourcesBuildPhase section */

/* Begin PBXTargetDependency section */
		184499A624BF9A6500BA6E56 /* PBXTargetDependency */ = {
			isa = PBXTargetDependency;
			target = 1844998A24BF9A5D00BA6E56 /* GSO */;
			targetProxy = 184499A524BF9A6500BA6E56 /* PBXContainerItemProxy */;
		};
		184499B124BF9A6500BA6E56 /* PBXTargetDependency */ = {
			isa = PBXTargetDependency;
			target = 1844998A24BF9A5D00BA6E56 /* GSO */;
			targetProxy = 184499B024BF9A6500BA6E56 /* PBXContainerItemProxy */;
		};
/* End PBXTargetDependency section */

/* Begin PBXVariantGroup section */
		1844999424BF9A5E00BA6E56 /* Main.storyboard */ = {
			isa = PBXVariantGroup;
			children = (
				1844999524BF9A5E00BA6E56 /* Base */,
			);
			name = Main.storyboard;
			sourceTree = "<group>";
		};
		1844999C24BF9A6400BA6E56 /* LaunchScreen.storyboard */ = {
			isa = PBXVariantGroup;
			children = (
				1844999D24BF9A6400BA6E56 /* Base */,
			);
			name = LaunchScreen.storyboard;
			sourceTree = "<group>";
		};
/* End PBXVariantGroup section */

/* Begin XCBuildConfiguration section */
		184499B624BF9A6500BA6E56 /* Debug */ = {
			isa = XCBuildConfiguration;
			buildSettings = {
				ALWAYS_SEARCH_USER_PATHS = NO;
				CLANG_ANALYZER_NONNULL = YES;
				CLANG_ANALYZER_NUMBER_OBJECT_CONVERSION = YES_AGGRESSIVE;
				CLANG_CXX_LANGUAGE_STANDARD = "gnu++14";
				CLANG_CXX_LIBRARY = "libc++";
				CLANG_ENABLE_MODULES = YES;
				CLANG_ENABLE_OBJC_ARC = YES;
				CLANG_ENABLE_OBJC_WEAK = YES;
				CLANG_WARN_BLOCK_CAPTURE_AUTORELEASING = YES;
				CLANG_WARN_BOOL_CONVERSION = YES;
				CLANG_WARN_COMMA = YES;
				CLANG_WARN_CONSTANT_CONVERSION = YES;
				CLANG_WARN_DEPRECATED_OBJC_IMPLEMENTATIONS = YES;
				CLANG_WARN_DIRECT_OBJC_ISA_USAGE = YES_ERROR;
				CLANG_WARN_DOCUMENTATION_COMMENTS = YES;
				CLANG_WARN_EMPTY_BODY = YES;
				CLANG_WARN_ENUM_CONVERSION = YES;
				CLANG_WARN_INFINITE_RECURSION = YES;
				CLANG_WARN_INT_CONVERSION = YES;
				CLANG_WARN_NON_LITERAL_NULL_CONVERSION = YES;
				CLANG_WARN_OBJC_IMPLICIT_RETAIN_SELF = YES;
				CLANG_WARN_OBJC_LITERAL_CONVERSION = YES;
				CLANG_WARN_OBJC_ROOT_CLASS = YES_ERROR;
				CLANG_WARN_RANGE_LOOP_ANALYSIS = YES;
				CLANG_WARN_STRICT_PROTOTYPES = YES;
				CLANG_WARN_SUSPICIOUS_MOVE = YES;
				CLANG_WARN_UNGUARDED_AVAILABILITY = YES_AGGRESSIVE;
				CLANG_WARN_UNREACHABLE_CODE = YES;
				CLANG_WARN__DUPLICATE_METHOD_MATCH = YES;
				COPY_PHASE_STRIP = NO;
				DEBUG_INFORMATION_FORMAT = dwarf;
				ENABLE_STRICT_OBJC_MSGSEND = YES;
				ENABLE_TESTABILITY = YES;
				GCC_C_LANGUAGE_STANDARD = gnu11;
				GCC_DYNAMIC_NO_PIC = NO;
				GCC_NO_COMMON_BLOCKS = YES;
				GCC_OPTIMIZATION_LEVEL = 0;
				GCC_PREPROCESSOR_DEFINITIONS = (
					"DEBUG=1",
					"$(inherited)",
				);
				GCC_WARN_64_TO_32_BIT_CONVERSION = YES;
				GCC_WARN_ABOUT_RETURN_TYPE = YES_ERROR;
				GCC_WARN_UNDECLARED_SELECTOR = YES;
				GCC_WARN_UNINITIALIZED_AUTOS = YES_AGGRESSIVE;
				GCC_WARN_UNUSED_FUNCTION = YES;
				GCC_WARN_UNUSED_VARIABLE = YES;
				IPHONEOS_DEPLOYMENT_TARGET = 13.5;
				MTL_ENABLE_DEBUG_INFO = INCLUDE_SOURCE;
				MTL_FAST_MATH = YES;
				ONLY_ACTIVE_ARCH = YES;
				SDKROOT = iphoneos;
				SWIFT_ACTIVE_COMPILATION_CONDITIONS = DEBUG;
				SWIFT_OPTIMIZATION_LEVEL = "-Onone";
			};
			name = Debug;
		};
		184499B724BF9A6500BA6E56 /* Release */ = {
			isa = XCBuildConfiguration;
			buildSettings = {
				ALWAYS_SEARCH_USER_PATHS = NO;
				CLANG_ANALYZER_NONNULL = YES;
				CLANG_ANALYZER_NUMBER_OBJECT_CONVERSION = YES_AGGRESSIVE;
				CLANG_CXX_LANGUAGE_STANDARD = "gnu++14";
				CLANG_CXX_LIBRARY = "libc++";
				CLANG_ENABLE_MODULES = YES;
				CLANG_ENABLE_OBJC_ARC = YES;
				CLANG_ENABLE_OBJC_WEAK = YES;
				CLANG_WARN_BLOCK_CAPTURE_AUTORELEASING = YES;
				CLANG_WARN_BOOL_CONVERSION = YES;
				CLANG_WARN_COMMA = YES;
				CLANG_WARN_CONSTANT_CONVERSION = YES;
				CLANG_WARN_DEPRECATED_OBJC_IMPLEMENTATIONS = YES;
				CLANG_WARN_DIRECT_OBJC_ISA_USAGE = YES_ERROR;
				CLANG_WARN_DOCUMENTATION_COMMENTS = YES;
				CLANG_WARN_EMPTY_BODY = YES;
				CLANG_WARN_ENUM_CONVERSION = YES;
				CLANG_WARN_INFINITE_RECURSION = YES;
				CLANG_WARN_INT_CONVERSION = YES;
				CLANG_WARN_NON_LITERAL_NULL_CONVERSION = YES;
				CLANG_WARN_OBJC_IMPLICIT_RETAIN_SELF = YES;
				CLANG_WARN_OBJC_LITERAL_CONVERSION = YES;
				CLANG_WARN_OBJC_ROOT_CLASS = YES_ERROR;
				CLANG_WARN_RANGE_LOOP_ANALYSIS = YES;
				CLANG_WARN_STRICT_PROTOTYPES = YES;
				CLANG_WARN_SUSPICIOUS_MOVE = YES;
				CLANG_WARN_UNGUARDED_AVAILABILITY = YES_AGGRESSIVE;
				CLANG_WARN_UNREACHABLE_CODE = YES;
				CLANG_WARN__DUPLICATE_METHOD_MATCH = YES;
				COPY_PHASE_STRIP = NO;
				DEBUG_INFORMATION_FORMAT = "dwarf-with-dsym";
				ENABLE_NS_ASSERTIONS = NO;
				ENABLE_STRICT_OBJC_MSGSEND = YES;
				GCC_C_LANGUAGE_STANDARD = gnu11;
				GCC_NO_COMMON_BLOCKS = YES;
				GCC_WARN_64_TO_32_BIT_CONVERSION = YES;
				GCC_WARN_ABOUT_RETURN_TYPE = YES_ERROR;
				GCC_WARN_UNDECLARED_SELECTOR = YES;
				GCC_WARN_UNINITIALIZED_AUTOS = YES_AGGRESSIVE;
				GCC_WARN_UNUSED_FUNCTION = YES;
				GCC_WARN_UNUSED_VARIABLE = YES;
				IPHONEOS_DEPLOYMENT_TARGET = 13.5;
				MTL_ENABLE_DEBUG_INFO = NO;
				MTL_FAST_MATH = YES;
				SDKROOT = iphoneos;
				SWIFT_COMPILATION_MODE = wholemodule;
				SWIFT_OPTIMIZATION_LEVEL = "-O";
				VALIDATE_PRODUCT = YES;
			};
			name = Release;
		};
		184499B924BF9A6500BA6E56 /* Debug */ = {
			isa = XCBuildConfiguration;
			buildSettings = {
				ASSETCATALOG_COMPILER_APPICON_NAME = AppIcon;
				CODE_SIGN_STYLE = Automatic;
				INFOPLIST_FILE = GSO/Info.plist;
				LD_RUNPATH_SEARCH_PATHS = (
					"$(inherited)",
					"@executable_path/Frameworks",
				);
				PRODUCT_BUNDLE_IDENTIFIER = Vulena.GSO;
				PRODUCT_NAME = "$(TARGET_NAME)";
				SWIFT_VERSION = 5.0;
				TARGETED_DEVICE_FAMILY = "1,2";
			};
			name = Debug;
		};
		184499BA24BF9A6500BA6E56 /* Release */ = {
			isa = XCBuildConfiguration;
			buildSettings = {
				ASSETCATALOG_COMPILER_APPICON_NAME = AppIcon;
				CODE_SIGN_STYLE = Automatic;
				INFOPLIST_FILE = GSO/Info.plist;
				LD_RUNPATH_SEARCH_PATHS = (
					"$(inherited)",
					"@executable_path/Frameworks",
				);
				PRODUCT_BUNDLE_IDENTIFIER = Vulena.GSO;
				PRODUCT_NAME = "$(TARGET_NAME)";
				SWIFT_VERSION = 5.0;
				TARGETED_DEVICE_FAMILY = "1,2";
			};
			name = Release;
		};
		184499BC24BF9A6500BA6E56 /* Debug */ = {
			isa = XCBuildConfiguration;
			buildSettings = {
				ALWAYS_EMBED_SWIFT_STANDARD_LIBRARIES = YES;
				BUNDLE_LOADER = "$(TEST_HOST)";
				CODE_SIGN_STYLE = Automatic;
				INFOPLIST_FILE = GSOTests/Info.plist;
				IPHONEOS_DEPLOYMENT_TARGET = 13.5;
				LD_RUNPATH_SEARCH_PATHS = (
					"$(inherited)",
					"@executable_path/Frameworks",
					"@loader_path/Frameworks",
				);
				PRODUCT_BUNDLE_IDENTIFIER = Vulena.GSOTests;
				PRODUCT_NAME = "$(TARGET_NAME)";
				SWIFT_VERSION = 5.0;
				TARGETED_DEVICE_FAMILY = "1,2";
				TEST_HOST = "$(BUILT_PRODUCTS_DIR)/GSO.app/GSO";
			};
			name = Debug;
		};
		184499BD24BF9A6500BA6E56 /* Release */ = {
			isa = XCBuildConfiguration;
			buildSettings = {
				ALWAYS_EMBED_SWIFT_STANDARD_LIBRARIES = YES;
				BUNDLE_LOADER = "$(TEST_HOST)";
				CODE_SIGN_STYLE = Automatic;
				INFOPLIST_FILE = GSOTests/Info.plist;
				IPHONEOS_DEPLOYMENT_TARGET = 13.5;
				LD_RUNPATH_SEARCH_PATHS = (
					"$(inherited)",
					"@executable_path/Frameworks",
					"@loader_path/Frameworks",
				);
				PRODUCT_BUNDLE_IDENTIFIER = Vulena.GSOTests;
				PRODUCT_NAME = "$(TARGET_NAME)";
				SWIFT_VERSION = 5.0;
				TARGETED_DEVICE_FAMILY = "1,2";
				TEST_HOST = "$(BUILT_PRODUCTS_DIR)/GSO.app/GSO";
			};
			name = Release;
		};
		184499BF24BF9A6500BA6E56 /* Debug */ = {
			isa = XCBuildConfiguration;
			buildSettings = {
				ALWAYS_EMBED_SWIFT_STANDARD_LIBRARIES = YES;
				CODE_SIGN_STYLE = Automatic;
				INFOPLIST_FILE = GSOUITests/Info.plist;
				LD_RUNPATH_SEARCH_PATHS = (
					"$(inherited)",
					"@executable_path/Frameworks",
					"@loader_path/Frameworks",
				);
				PRODUCT_BUNDLE_IDENTIFIER = Vulena.GSOUITests;
				PRODUCT_NAME = "$(TARGET_NAME)";
				SWIFT_VERSION = 5.0;
				TARGETED_DEVICE_FAMILY = "1,2";
				TEST_TARGET_NAME = GSO;
			};
			name = Debug;
		};
		184499C024BF9A6500BA6E56 /* Release */ = {
			isa = XCBuildConfiguration;
			buildSettings = {
				ALWAYS_EMBED_SWIFT_STANDARD_LIBRARIES = YES;
				CODE_SIGN_STYLE = Automatic;
				INFOPLIST_FILE = GSOUITests/Info.plist;
				LD_RUNPATH_SEARCH_PATHS = (
					"$(inherited)",
					"@executable_path/Frameworks",
					"@loader_path/Frameworks",
				);
				PRODUCT_BUNDLE_IDENTIFIER = Vulena.GSOUITests;
				PRODUCT_NAME = "$(TARGET_NAME)";
				SWIFT_VERSION = 5.0;
				TARGETED_DEVICE_FAMILY = "1,2";
				TEST_TARGET_NAME = GSO;
			};
			name = Release;
		};
/* End XCBuildConfiguration section */

/* Begin XCConfigurationList section */
		1844998624BF9A5D00BA6E56 /* Build configuration list for PBXProject "GSO" */ = {
			isa = XCConfigurationList;
			buildConfigurations = (
				184499B624BF9A6500BA6E56 /* Debug */,
				184499B724BF9A6500BA6E56 /* Release */,
			);
			defaultConfigurationIsVisible = 0;
			defaultConfigurationName = Release;
		};
		184499B824BF9A6500BA6E56 /* Build configuration list for PBXNativeTarget "GSO" */ = {
			isa = XCConfigurationList;
			buildConfigurations = (
				184499B924BF9A6500BA6E56 /* Debug */,
				184499BA24BF9A6500BA6E56 /* Release */,
			);
			defaultConfigurationIsVisible = 0;
			defaultConfigurationName = Release;
		};
		184499BB24BF9A6500BA6E56 /* Build configuration list for PBXNativeTarget "GSOTests" */ = {
			isa = XCConfigurationList;
			buildConfigurations = (
				184499BC24BF9A6500BA6E56 /* Debug */,
				184499BD24BF9A6500BA6E56 /* Release */,
			);
			defaultConfigurationIsVisible = 0;
			defaultConfigurationName = Release;
		};
		184499BE24BF9A6500BA6E56 /* Build configuration list for PBXNativeTarget "GSOUITests" */ = {
			isa = XCConfigurationList;
			buildConfigurations = (
				184499BF24BF9A6500BA6E56 /* Debug */,
				184499C024BF9A6500BA6E56 /* Release */,
			);
			defaultConfigurationIsVisible = 0;
			defaultConfigurationName = Release;
		};
/* End XCConfigurationList section */

/* Begin XCVersionGroup section */
		1844999724BF9A5E00BA6E56 /* GSO.xcdatamodeld */ = {
			isa = XCVersionGroup;
			children = (
				1844999824BF9A5E00BA6E56 /* GSO.xcdatamodel */,
			);
			currentVersion = 1844999824BF9A5E00BA6E56 /* GSO.xcdatamodel */;
			path = GSO.xcdatamodeld;
			sourceTree = "<group>";
			versionGroupType = wrapper.xcdatamodel;
		};
/* End XCVersionGroup section */
	};
	rootObject = 1844998324BF9A5D00BA6E56 /* Project object */;
}
